
Microsoft Visual Studio Solution File, Format Version 12.00
# Visual Studio Version 16
VisualStudioVersion = 16.0.29728.190
MinimumVisualStudioVersion = 10.0.40219.1
Project("{FAE04EC0-301F-11D3-BF4B-00C04F79EFBC}") = "TestApi", "TestApi\TestApi.csproj", "{3B37E4BB-E1B4-47BA-9553-66C91835CE83}"
EndProject
Global
	GlobalSection(SolutionConfigurationPlatforms) = preSolution
		Debug|Any CPU = Debug|Any CPU
		Release|Any CPU = Release|Any CPU
	EndGlobalSection
	GlobalSection(ProjectConfigurationPlatforms) = postSolution
		{3B37E4BB-E1B4-47BA-9553-66C91835CE83}.Debug|Any CPU.ActiveCfg = Debug|Any CPU
		{3B37E4BB-E1B4-47BA-9553-66C91835CE83}.Debug|Any CPU.Build.0 = Debug|Any CPU
		{3B37E4BB-E1B4-47BA-9553-66C91835CE83}.Release|Any CPU.ActiveCfg = Release|Any CPU
		{3B37E4BB-E1B4-47BA-9553-66C91835CE83}.Release|Any CPU.Build.0 = Release|Any CPU
	EndGlobalSection
	GlobalSection(SolutionProperties) = preSolution
		HideSolutionNode = FALSE
	EndGlobalSection
	GlobalSection(ExtensibilityGlobals) = postSolution
		SolutionGuid = {DF85CE72-ECCE-473E-A9BD-CF6FF5E4D8F2}
	EndGlobalSection
EndGlobal
